{
  "name": "@ericyuanovo/mk-app-cli",
  "version": "1.0.1",
  "lockfileVersion": 3,
  "requires": true,
  "packages": {
    "": {
      "name": "@ericyuanovo/mk-app-cli",
      "version": "1.0.1",
      "license": "MIT",
      "dependencies": {
        "@inquirer/prompts": "^5.0.3",
        "chalk": "^5.3.0",
        "commander": "^12.0.0",
        "figlet": "^1.7.0",
        "fs-extra": "^11.2.0",
        "ora": "^8.0.1",
        "shelljs": "^0.8.5",
        "validate-npm-package-name": "^5.0.1"
      },
      "bin": {
        "mk": "bin/index.js"
      },
      "devDependencies": {
        "@types/figlet": "^1.5.8",
        "@types/fs-extra": "^11.0.4",
        "@types/shelljs": "^0.8.15",
        "@types/validate-npm-package-name": "^4.0.2"
      },
      "engines": {
        "node": ">=16"
      }
    },
    "node_modules/@inquirer/checkbox": {
      "version": "2.3.3",
      "resolved": "https://r.cnpmjs.org/@inquirer/checkbox/-/checkbox-2.3.3.tgz",
      "integrity": "sha512-R64X8RVjVrMLg9wmCB5WTy8R97a/zAYrPdjY1tOybadg4zwx7mk+0Fy69H1pT0x4PRdcMO/CyPmDI0gLooakmw==",
      "dependencies": {
        "@inquirer/core": "^8.2.0",
        "@inquirer/figures": "^1.0.1",
        "@inquirer/type": "^1.3.1",
        "ansi-escapes": "^4.3.2",
        "chalk": "^4.1.2"
      },
      "engines": {
        "node": ">=18"
      }
    },
    "node_modules/@inquirer/checkbox/node_modules/chalk": {
      "version": "4.1.2",
      "resolved": "https://r2.cnpmjs.org/chalk/-/chalk-4.1.2.tgz",
      "integrity": "sha512-oKnbhFyRIXpUuez8iBMmyEa4nbj4IOQyuhc/wy9kY7/WVPcwIO9VA668Pu8RkO7+0G76SLROeyw9CpQ061i4mA==",
      "dependencies": {
        "ansi-styles": "^4.1.0",
        "supports-color": "^7.1.0"
      },
      "engines": {
        "node": ">=10"
      },
      "funding": {
        "url": "https://github.com/chalk/chalk?sponsor=1"
      }
    },
    "node_modules/@inquirer/confirm": {
      "version": "3.1.7",
      "resolved": "https://r.cnpmjs.org/@inquirer/confirm/-/confirm-3.1.7.tgz",
      "integrity": "sha512-BZjjj19W8gnh5UGFTdP5ZxpgMNRjy03Dzq3k28sB2MDlEUFrcyTkMEoGgvBmGpUw0vNBoCJkTcbHZ3e9tb+d+w==",
      "dependencies": {
        "@inquirer/core": "^8.2.0",
        "@inquirer/type": "^1.3.1"
      },
      "engines": {
        "node": ">=18"
      }
    },
    "node_modules/@inquirer/core": {
      "version": "8.2.0",
      "resolved": "https://r.cnpmjs.org/@inquirer/core/-/core-8.2.0.tgz",
      "integrity": "sha512-pexNF9j2orvMMTgoQ/uKOw8V6/R7x/sIDwRwXRhl4i0pPSh6paRzFehpFKpfMbqix1/+gzCekhYTmVbQpWkVjQ==",
      "dependencies": {
        "@inquirer/figures": "^1.0.1",
        "@inquirer/type": "^1.3.1",
        "@types/mute-stream": "^0.0.4",
        "@types/node": "^20.12.11",
        "@types/wrap-ansi": "^3.0.0",
        "ansi-escapes": "^4.3.2",
        "chalk": "^4.1.2",
        "cli-spinners": "^2.9.2",
        "cli-width": "^4.1.0",
        "mute-stream": "^1.0.0",
        "signal-exit": "^4.1.0",
        "strip-ansi": "^6.0.1",
        "wrap-ansi": "^6.2.0"
      },
      "engines": {
        "node": ">=18"
      }
    },
    "node_modules/@inquirer/core/node_modules/chalk": {
      "version": "4.1.2",
      "resolved": "https://r2.cnpmjs.org/chalk/-/chalk-4.1.2.tgz",
      "integrity": "sha512-oKnbhFyRIXpUuez8iBMmyEa4nbj4IOQyuhc/wy9kY7/WVPcwIO9VA668Pu8RkO7+0G76SLROeyw9CpQ061i4mA==",
      "dependencies": {
        "ansi-styles": "^4.1.0",
        "supports-color": "^7.1.0"
      },
      "engines": {
        "node": ">=10"
      },
      "funding": {
        "url": "https://github.com/chalk/chalk?sponsor=1"
      }
    },
    "node_modules/@inquirer/editor": {
      "version": "2.1.7",
      "resolved": "https://r.cnpmjs.org/@inquirer/editor/-/editor-2.1.7.tgz",
      "integrity": "sha512-CGZk//rg57zgXqMp8q8tE2HCc5/rwCC0IwIEtZeb1BF/GJIFlijp4wvN9PeXHsEQ+ul2qRz/0dEk1JqmZzbSbA==",
      "dependencies": {
        "@inquirer/core": "^8.2.0",
        "@inquirer/type": "^1.3.1",
        "external-editor": "^3.1.0"
      },
      "engines": {
        "node": ">=18"
      }
    },
    "node_modules/@inquirer/expand": {
      "version": "2.1.7",
      "resolved": "https://r.cnpmjs.org/@inquirer/expand/-/expand-2.1.7.tgz",
      "integrity": "sha512-zwdd5Zur3kdlpthXwk3O4kH5/bXAdZA/Qfl9v7MFf2Un68Cq8XLATp/gH3iMkHcQtyyBemPFgzD9pHNq0piToQ==",
      "dependencies": {
        "@inquirer/core": "^8.2.0",
        "@inquirer/type": "^1.3.1",
        "chalk": "^4.1.2"
      },
      "engines": {
        "node": ">=18"
      }
    },
    "node_modules/@inquirer/expand/node_modules/chalk": {
      "version": "4.1.2",
      "resolved": "https://r2.cnpmjs.org/chalk/-/chalk-4.1.2.tgz",
      "integrity": "sha512-oKnbhFyRIXpUuez8iBMmyEa4nbj4IOQyuhc/wy9kY7/WVPcwIO9VA668Pu8RkO7+0G76SLROeyw9CpQ061i4mA==",
      "dependencies": {
        "ansi-styles": "^4.1.0",
        "supports-color": "^7.1.0"
      },
      "engines": {
        "node": ">=10"
      },
      "funding": {
        "url": "https://github.com/chalk/chalk?sponsor=1"
      }
    },
    "node_modules/@inquirer/figures": {
      "version": "1.0.1",
      "resolved": "https://r.cnpmjs.org/@inquirer/figures/-/figures-1.0.1.tgz",
      "integrity": "sha512-mtup3wVKia3ZwULPHcbs4Mor8Voi+iIXEWD7wCNbIO6lYR62oPCTQyrddi5OMYVXHzeCSoneZwJuS8sBvlEwDw==",
      "engines": {
        "node": ">=18"
      }
    },
    "node_modules/@inquirer/input": {
      "version": "2.1.7",
      "resolved": "https://r.cnpmjs.org/@inquirer/input/-/input-2.1.7.tgz",
      "integrity": "sha512-eRdwlHJI4bpYsi4icIthsz1rZGIrlfufzRZdCf2i1qfQZ8d3vLTWcILIWV7cnjD4v/nrZ81RthRaQog/uxlcGA==",
      "dependencies": {
        "@inquirer/core": "^8.2.0",
        "@inquirer/type": "^1.3.1"
      },
      "engines": {
        "node": ">=18"
      }
    },
    "node_modules/@inquirer/password": {
      "version": "2.1.7",
      "resolved": "https://r.cnpmjs.org/@inquirer/password/-/password-2.1.7.tgz",
      "integrity": "sha512-RshkS0CRJYJO4Yxbl6MqkC3OQlU4Dmv4mNxxvoYYfRcPtC/UBLYcddm+lIDHi3zegkto9kmSNYXTCQKYNxinvg==",
      "dependencies": {
        "@inquirer/core": "^8.2.0",
        "@inquirer/type": "^1.3.1",
        "ansi-escapes": "^4.3.2"
      },
      "engines": {
        "node": ">=18"
      }
    },
    "node_modules/@inquirer/prompts": {
      "version": "5.0.3",
      "resolved": "https://r.cnpmjs.org/@inquirer/prompts/-/prompts-5.0.3.tgz",
      "integrity": "sha512-OuSDMbUDlJUOXzlC0z35KWPH+2+W7Y8jPayT92A3L2Ip4ChM4XgcqNlOdPxoDTvKRMcDIddI8gzAQg1WtNB7gA==",
      "dependencies": {
        "@inquirer/checkbox": "^2.3.3",
        "@inquirer/confirm": "^3.1.7",
        "@inquirer/editor": "^2.1.7",
        "@inquirer/expand": "^2.1.7",
        "@inquirer/input": "^2.1.7",
        "@inquirer/password": "^2.1.7",
        "@inquirer/rawlist": "^2.1.7",
        "@inquirer/select": "^2.3.3"
      },
      "engines": {
        "node": ">=18"
      }
    },
    "node_modules/@inquirer/rawlist": {
      "version": "2.1.7",
      "resolved": "https://r.cnpmjs.org/@inquirer/rawlist/-/rawlist-2.1.7.tgz",
      "integrity": "sha512-r4tsdYWsYanwEl7MBqmf8GaZTbUAh51C3tMwozOYrAl2wT9YEQVSMDlkcMToFsisRCSq6mQ6zppv92masx4WRQ==",
      "dependencies": {
        "@inquirer/core": "^8.2.0",
        "@inquirer/type": "^1.3.1",
        "chalk": "^4.1.2"
      },
      "engines": {
        "node": ">=18"
      }
    },
    "node_modules/@inquirer/rawlist/node_modules/chalk": {
      "version": "4.1.2",
      "resolved": "https://r2.cnpmjs.org/chalk/-/chalk-4.1.2.tgz",
      "integrity": "sha512-oKnbhFyRIXpUuez8iBMmyEa4nbj4IOQyuhc/wy9kY7/WVPcwIO9VA668Pu8RkO7+0G76SLROeyw9CpQ061i4mA==",
      "dependencies": {
        "ansi-styles": "^4.1.0",
        "supports-color": "^7.1.0"
      },
      "engines": {
        "node": ">=10"
      },
      "funding": {
        "url": "https://github.com/chalk/chalk?sponsor=1"
      }
    },
    "node_modules/@inquirer/select": {
      "version": "2.3.3",
      "resolved": "https://r.cnpmjs.org/@inquirer/select/-/select-2.3.3.tgz",
      "integrity": "sha512-0ptHMogTnyTNKIJVEfCl4fFDQSzIR2/SjgBoD1MLXDszP3UbkYroZ9ii3e6x7dMCWrPGkGWZPyxpy3Rs55vWLw==",
      "dependencies": {
        "@inquirer/core": "^8.2.0",
        "@inquirer/figures": "^1.0.1",
        "@inquirer/type": "^1.3.1",
        "ansi-escapes": "^4.3.2",
        "chalk": "^4.1.2"
      },
      "engines": {
        "node": ">=18"
      }
    },
    "node_modules/@inquirer/select/node_modules/chalk": {
      "version": "4.1.2",
      "resolved": "https://r2.cnpmjs.org/chalk/-/chalk-4.1.2.tgz",
      "integrity": "sha512-oKnbhFyRIXpUuez8iBMmyEa4nbj4IOQyuhc/wy9kY7/WVPcwIO9VA668Pu8RkO7+0G76SLROeyw9CpQ061i4mA==",
      "dependencies": {
        "ansi-styles": "^4.1.0",
        "supports-color": "^7.1.0"
      },
      "engines": {
        "node": ">=10"
      },
      "funding": {
        "url": "https://github.com/chalk/chalk?sponsor=1"
      }
    },
    "node_modules/@inquirer/type": {
      "version": "1.3.1",
      "resolved": "https://r.cnpmjs.org/@inquirer/type/-/type-1.3.1.tgz",
      "integrity": "sha512-Pe3PFccjPVJV1vtlfVvm9OnlbxqdnP5QcscFEFEnK5quChf1ufZtM0r8mR5ToWHMxZOh0s8o/qp9ANGRTo/DAw==",
      "engines": {
        "node": ">=18"
      }
    },
    "node_modules/@types/figlet": {
      "version": "1.5.8",
      "resolved": "https://registry.npmmirror.com/@types/figlet/-/figlet-1.5.8.tgz",
      "integrity": "sha512-G22AUvy4Tl95XLE7jmUM8s8mKcoz+Hr+Xm9W90gJsppJq9f9tHvOGkrpn4gRX0q/cLtBdNkWtWCKDg2UDZoZvQ==",
      "dev": true
    },
    "node_modules/@types/fs-extra": {
      "version": "11.0.4",
      "resolved": "https://registry.npmmirror.com/@types/fs-extra/-/fs-extra-11.0.4.tgz",
      "integrity": "sha512-yTbItCNreRooED33qjunPthRcSjERP1r4MqCZc7wv0u2sUkzTFp45tgUfS5+r7FrZPdmCCNflLhVSP/o+SemsQ==",
      "dev": true,
      "dependencies": {
        "@types/jsonfile": "*",
        "@types/node": "*"
      }
    },
    "node_modules/@types/glob": {
      "version": "7.2.0",
      "resolved": "https://registry.npmmirror.com/@types/glob/-/glob-7.2.0.tgz",
      "integrity": "sha512-ZUxbzKl0IfJILTS6t7ip5fQQM/J3TJYubDm3nMbgubNNYS62eXeUpoLUC8/7fJNiFYHTrGPQn7hspDUzIHX3UA==",
      "dev": true,
      "dependencies": {
        "@types/minimatch": "*",
        "@types/node": "*"
      }
    },
    "node_modules/@types/jsonfile": {
      "version": "6.1.4",
      "resolved": "https://registry.npmmirror.com/@types/jsonfile/-/jsonfile-6.1.4.tgz",
      "integrity": "sha512-D5qGUYwjvnNNextdU59/+fI+spnwtTFmyQP0h+PfIOSkNfpU6AOICUOkm4i0OnSk+NyjdPJrxCDro0sJsWlRpQ==",
      "dev": true,
      "dependencies": {
        "@types/node": "*"
      }
    },
    "node_modules/@types/minimatch": {
      "version": "5.1.2",
      "resolved": "https://registry.npmmirror.com/@types/minimatch/-/minimatch-5.1.2.tgz",
      "integrity": "sha512-K0VQKziLUWkVKiRVrx4a40iPaxTUefQmjtkQofBkYRcoaaL/8rhwDWww9qWbrgicNOgnpIsMxyNIUM4+n6dUIA==",
      "dev": true
    },
    "node_modules/@types/mute-stream": {
      "version": "0.0.4",
      "resolved": "https://r.cnpmjs.org/@types/mute-stream/-/mute-stream-0.0.4.tgz",
      "integrity": "sha512-CPM9nzrCPPJHQNA9keH9CVkVI+WR5kMa+7XEs5jcGQ0VoAGnLv242w8lIVgwAEfmE4oufJRaTc9PNLQl0ioAow==",
      "dependencies": {
        "@types/node": "*"
      }
    },
    "node_modules/@types/node": {
      "version": "20.12.12",
      "resolved": "https://r.cnpmjs.org/@types/node/-/node-20.12.12.tgz",
      "integrity": "sha512-eWLDGF/FOSPtAvEqeRAQ4C8LSA7M1I7i0ky1I8U7kD1J5ITyW3AsRhQrKVoWf5pFKZ2kILsEGJhsI9r93PYnOw==",
      "dependencies": {
        "undici-types": "~5.26.4"
      }
    },
    "node_modules/@types/shelljs": {
      "version": "0.8.15",
      "resolved": "https://registry.npmmirror.com/@types/shelljs/-/shelljs-0.8.15.tgz",
      "integrity": "sha512-vzmnCHl6hViPu9GNLQJ+DZFd6BQI2DBTUeOvYHqkWQLMfKAAQYMb/xAmZkTogZI/vqXHCWkqDRymDI5p0QTi5Q==",
      "dev": true,
      "dependencies": {
        "@types/glob": "~7.2.0",
        "@types/node": "*"
      }
    },
    "node_modules/@types/validate-npm-package-name": {
      "version": "4.0.2",
      "resolved": "https://registry.npmmirror.com/@types/validate-npm-package-name/-/validate-npm-package-name-4.0.2.tgz",
      "integrity": "sha512-lrpDziQipxCEeK5kWxvljWYhUvOiB2A9izZd9B2AFarYAkqZshb4lPbRs7zKEic6eGtH8V/2qJW+dPp9OtF6bw==",
      "dev": true
    },
    "node_modules/@types/wrap-ansi": {
      "version": "3.0.0",
      "resolved": "https://r2.cnpmjs.org/@types/wrap-ansi/-/wrap-ansi-3.0.0.tgz",
      "integrity": "sha512-ltIpx+kM7g/MLRZfkbL7EsCEjfzCcScLpkg37eXEtx5kmrAKBkTJwd1GIAjDSL8wTpM6Hzn5YO4pSb91BEwu1g=="
    },
    "node_modules/ansi-escapes": {
      "version": "4.3.2",
      "resolved": "https://r2.cnpmjs.org/ansi-escapes/-/ansi-escapes-4.3.2.tgz",
      "integrity": "sha512-gKXj5ALrKWQLsYG9jlTRmR/xKluxHV+Z9QEwNIgCfM1/uwPMCuzVVnh5mwTd+OuBZcwSIMbqssNWRm1lE51QaQ==",
      "dependencies": {
        "type-fest": "^0.21.3"
      },
      "engines": {
        "node": ">=8"
      },
      "funding": {
        "url": "https://github.com/sponsors/sindresorhus"
      }
    },
    "node_modules/ansi-regex": {
      "version": "5.0.1",
      "resolved": "https://r2.cnpmjs.org/ansi-regex/-/ansi-regex-5.0.1.tgz",
      "integrity": "sha512-quJQXlTSUGL2LH9SUXo8VwsY4soanhgo6LNSm84E1LBcE8s3O0wpdiRzyR9z/ZZJMlMWv37qOOb9pdJlMUEKFQ==",
      "engines": {
        "node": ">=8"
      }
    },
    "node_modules/ansi-styles": {
      "version": "4.3.0",
      "resolved": "https://r2.cnpmjs.org/ansi-styles/-/ansi-styles-4.3.0.tgz",
      "integrity": "sha512-zbB9rCJAT1rbjiVDb2hqKFHNYLxgtk8NURxZ3IZwD3F6NtxbXZQCnnSi1Lkx+IDohdPlFp222wVALIheZJQSEg==",
      "dependencies": {
        "color-convert": "^2.0.1"
      },
      "engines": {
        "node": ">=8"
      },
      "funding": {
        "url": "https://github.com/chalk/ansi-styles?sponsor=1"
      }
    },
    "node_modules/balanced-match": {
      "version": "1.0.2",
      "resolved": "https://r2.cnpmjs.org/balanced-match/-/balanced-match-1.0.2.tgz",
      "integrity": "sha512-3oSeUO0TMV67hN1AmbXsK4yaqU7tjiHlbxRDZOpH0KW9+CeX4bRAaX0Anxt0tx2MrpRpWwQaPwIlISEJhYU5Pw=="
    },
    "node_modules/brace-expansion": {
      "version": "1.1.11",
      "resolved": "https://r2.cnpmjs.org/brace-expansion/-/brace-expansion-1.1.11.tgz",
      "integrity": "sha512-iCuPHDFgrHX7H2vEI/5xpz07zSHB00TpugqhmYtVmMO6518mCuRMoOYFldEBl0g187ufozdaHgWKcYFb61qGiA==",
      "dependencies": {
        "balanced-match": "^1.0.0",
        "concat-map": "0.0.1"
      }
    },
    "node_modules/chalk": {
      "version": "5.3.0",
      "resolved": "https://r.cnpmjs.org/chalk/-/chalk-5.3.0.tgz",
      "integrity": "sha512-dLitG79d+GV1Nb/VYcCDFivJeK1hiukt9QjRNVOsUtTy1rR1YJsmpGGTZ3qJos+uw7WmWF4wUwBd9jxjocFC2w==",
      "engines": {
        "node": "^12.17.0 || ^14.13 || >=16.0.0"
      },
      "funding": {
        "url": "https://github.com/chalk/chalk?sponsor=1"
      }
    },
    "node_modules/chardet": {
      "version": "0.7.0",
      "resolved": "https://r2.cnpmjs.org/chardet/-/chardet-0.7.0.tgz",
      "integrity": "sha512-mT8iDcrh03qDGRRmoA2hmBJnxpllMR+0/0qlzjqZES6NdiWDcZkCNAk4rPFZ9Q85r27unkiNNg8ZOiwZXBHwcA=="
    },
    "node_modules/cli-cursor": {
      "version": "4.0.0",
      "resolved": "https://r2.cnpmjs.org/cli-cursor/-/cli-cursor-4.0.0.tgz",
      "integrity": "sha512-VGtlMu3x/4DOtIUwEkRezxUZ2lBacNJCHash0N0WeZDBS+7Ux1dm3XWAgWYxLJFMMdOeXMHXorshEFhbMSGelg==",
      "dependencies": {
        "restore-cursor": "^4.0.0"
      },
      "engines": {
        "node": "^12.20.0 || ^14.13.1 || >=16.0.0"
      },
      "funding": {
        "url": "https://github.com/sponsors/sindresorhus"
      }
    },
    "node_modules/cli-spinners": {
      "version": "2.9.2",
      "resolved": "https://r.cnpmjs.org/cli-spinners/-/cli-spinners-2.9.2.tgz",
      "integrity": "sha512-ywqV+5MmyL4E7ybXgKys4DugZbX0FC6LnwrhjuykIjnK9k8OQacQ7axGKnjDXWNhns0xot3bZI5h55H8yo9cJg==",
      "engines": {
        "node": ">=6"
      },
      "funding": {
        "url": "https://github.com/sponsors/sindresorhus"
      }
    },
    "node_modules/cli-width": {
      "version": "4.1.0",
      "resolved": "https://r.cnpmjs.org/cli-width/-/cli-width-4.1.0.tgz",
      "integrity": "sha512-ouuZd4/dm2Sw5Gmqy6bGyNNNe1qt9RpmxveLSO7KcgsTnU7RXfsw+/bukWGo1abgBiMAic068rclZsO4IWmmxQ==",
      "engines": {
        "node": ">= 12"
      }
    },
    "node_modules/color-convert": {
      "version": "2.0.1",
      "resolved": "https://r2.cnpmjs.org/color-convert/-/color-convert-2.0.1.tgz",
      "integrity": "sha512-RRECPsj7iu/xb5oKYcsFHSppFNnsj/52OVTRKb4zP5onXwVF3zVmmToNcOfGC+CRDpfK/U584fMg38ZHCaElKQ==",
      "dependencies": {
        "color-name": "~1.1.4"
      },
      "engines": {
        "node": ">=7.0.0"
      }
    },
    "node_modules/color-name": {
      "version": "1.1.4",
      "resolved": "https://r2.cnpmjs.org/color-name/-/color-name-1.1.4.tgz",
      "integrity": "sha512-dOy+3AuW3a2wNbZHIuMZpTcgjGuLU/uBL/ubcZF9OXbDo8ff4O8yVp5Bf0efS8uEoYo5q4Fx7dY9OgQGXgAsQA=="
    },
    "node_modules/commander": {
      "version": "12.0.0",
      "resolved": "https://r.cnpmjs.org/commander/-/commander-12.0.0.tgz",
      "integrity": "sha512-MwVNWlYjDTtOjX5PiD7o5pK0UrFU/OYgcJfjjK4RaHZETNtjJqrZa9Y9ds88+A+f+d5lv+561eZ+yCKoS3gbAA==",
      "engines": {
        "node": ">=18"
      }
    },
    "node_modules/concat-map": {
      "version": "0.0.1",
      "resolved": "https://r2.cnpmjs.org/concat-map/-/concat-map-0.0.1.tgz",
      "integrity": "sha512-/Srv4dswyQNBfohGpz9o6Yb3Gz3SrUDqBH5rTuhGR7ahtlbYKnVxw2bCFMRljaA7EXHaXZ8wsHdodFvbkhKmqg=="
    },
    "node_modules/emoji-regex": {
      "version": "8.0.0",
      "resolved": "https://r2.cnpmjs.org/emoji-regex/-/emoji-regex-8.0.0.tgz",
      "integrity": "sha512-MSjYzcWNOA0ewAHpz0MxpYFvwg6yjy1NG3xteoqz644VCo/RPgnr1/GGt+ic3iJTzQ8Eu3TdM14SawnVUmGE6A=="
    },
    "node_modules/external-editor": {
      "version": "3.1.0",
      "resolved": "https://r2.cnpmjs.org/external-editor/-/external-editor-3.1.0.tgz",
      "integrity": "sha512-hMQ4CX1p1izmuLYyZqLMO/qGNw10wSv9QDCPfzXfyFrOaCSSoRfqE1Kf1s5an66J5JZC62NewG+mK49jOCtQew==",
      "dependencies": {
        "chardet": "^0.7.0",
        "iconv-lite": "^0.4.24",
        "tmp": "^0.0.33"
      },
      "engines": {
        "node": ">=4"
      }
    },
    "node_modules/figlet": {
      "version": "1.7.0",
      "resolved": "https://r.cnpmjs.org/figlet/-/figlet-1.7.0.tgz",
      "integrity": "sha512-gO8l3wvqo0V7wEFLXPbkX83b7MVjRrk1oRLfYlZXol8nEpb/ON9pcKLI4qpBv5YtOTfrINtqb7b40iYY2FTWFg==",
      "bin": {
        "figlet": "bin/index.js"
      },
      "engines": {
        "node": ">= 0.4.0"
      }
    },
    "node_modules/fs-extra": {
      "version": "11.2.0",
      "resolved": "https://r.cnpmjs.org/fs-extra/-/fs-extra-11.2.0.tgz",
      "integrity": "sha512-PmDi3uwK5nFuXh7XDTlVnS17xJS7vW36is2+w3xcv8SVxiB4NyATf4ctkVY5bkSjX0Y4nbvZCq1/EjtEyr9ktw==",
      "dependencies": {
        "graceful-fs": "^4.2.0",
        "jsonfile": "^6.0.1",
        "universalify": "^2.0.0"
      },
      "engines": {
        "node": ">=14.14"
      }
    },
    "node_modules/fs.realpath": {
      "version": "1.0.0",
      "resolved": "https://r2.cnpmjs.org/fs.realpath/-/fs.realpath-1.0.0.tgz",
      "integrity": "sha512-OO0pH2lK6a0hZnAdau5ItzHPI6pUlvI7jMVnxUQRtw4owF2wk8lOSabtGDCTP4Ggrg2MbGnWO9X8K1t4+fGMDw=="
    },
    "node_modules/function-bind": {
      "version": "1.1.2",
      "resolved": "https://r.cnpmjs.org/function-bind/-/function-bind-1.1.2.tgz",
      "integrity": "sha512-7XHNxH7qX9xG5mIwxkhumTox/MIRNcOgDrxWsMt2pAr23WHp6MrRlN7FBSFpCpr+oVO0F744iUgR82nJMfG2SA==",
      "funding": {
        "url": "https://github.com/sponsors/ljharb"
      }
    },
    "node_modules/get-east-asian-width": {
      "version": "1.2.0",
      "resolved": "https://r.cnpmjs.org/get-east-asian-width/-/get-east-asian-width-1.2.0.tgz",
      "integrity": "sha512-2nk+7SIVb14QrgXFHcm84tD4bKQz0RxPuMT8Ag5KPOq7J5fEmAg0UbXdTOSHqNuHSU28k55qnceesxXRZGzKWA==",
      "engines": {
        "node": ">=18"
      },
      "funding": {
        "url": "https://github.com/sponsors/sindresorhus"
      }
    },
    "node_modules/glob": {
      "version": "7.2.3",
      "resolved": "https://r.cnpmjs.org/glob/-/glob-7.2.3.tgz",
      "integrity": "sha512-nFR0zLpU2YCaRxwoCJvL6UvCH2JFyFVIvwTLsIf21AuHlMskA1hhTdk+LlYJtOlYt9v6dvszD2BGRqBL+iQK9Q==",
      "dependencies": {
        "fs.realpath": "^1.0.0",
        "inflight": "^1.0.4",
        "inherits": "2",
        "minimatch": "^3.1.1",
        "once": "^1.3.0",
        "path-is-absolute": "^1.0.0"
      },
      "engines": {
        "node": "*"
      },
      "funding": {
        "url": "https://github.com/sponsors/isaacs"
      }
    },
    "node_modules/graceful-fs": {
      "version": "4.2.11",
      "resolved": "https://r.cnpmjs.org/graceful-fs/-/graceful-fs-4.2.11.tgz",
      "integrity": "sha512-RbJ5/jmFcNNCcDV5o9eTnBLJ/HszWV0P73bc+Ff4nS/rJj+YaS6IGyiOL0VoBYX+l1Wrl3k63h/KrH+nhJ0XvQ=="
    },
    "node_modules/has-flag": {
      "version": "4.0.0",
      "resolved": "https://r2.cnpmjs.org/has-flag/-/has-flag-4.0.0.tgz",
      "integrity": "sha512-EykJT/Q1KjTWctppgIAgfSO0tKVuZUjhgMr17kqTumMl6Afv3EISleU7qZUzoXDFTAHTDC4NOoG/ZxU3EvlMPQ==",
      "engines": {
        "node": ">=8"
      }
    },
    "node_modules/hasown": {
      "version": "2.0.2",
      "resolved": "https://r.cnpmjs.org/hasown/-/hasown-2.0.2.tgz",
      "integrity": "sha512-0hJU9SCPvmMzIBdZFqNPXWa6dqh7WdH0cII9y+CyS8rG3nL48Bclra9HmKhVVUHyPWNH5Y7xDwAB7bfgSjkUMQ==",
      "dependencies": {
        "function-bind": "^1.1.2"
      },
      "engines": {
        "node": ">= 0.4"
      }
    },
    "node_modules/iconv-lite": {
      "version": "0.4.24",
      "resolved": "https://r2.cnpmjs.org/iconv-lite/-/iconv-lite-0.4.24.tgz",
      "integrity": "sha512-v3MXnZAcvnywkTUEZomIActle7RXXeedOR31wwl7VlyoXO4Qi9arvSenNQWne1TcRwhCL1HwLI21bEqdpj8/rA==",
      "dependencies": {
        "safer-buffer": ">= 2.1.2 < 3"
      },
      "engines": {
        "node": ">=0.10.0"
      }
    },
    "node_modules/inflight": {
      "version": "1.0.6",
      "resolved": "https://r2.cnpmjs.org/inflight/-/inflight-1.0.6.tgz",
      "integrity": "sha512-k92I/b08q4wvFscXCLvqfsHCrjrF7yiXsQuIVvVE7N82W3+aqpzuUdBbfhWcy/FZR3/4IgflMgKLOsvPDrGCJA==",
      "dependencies": {
        "once": "^1.3.0",
        "wrappy": "1"
      }
    },
    "node_modules/inherits": {
      "version": "2.0.4",
      "resolved": "https://r2.cnpmjs.org/inherits/-/inherits-2.0.4.tgz",
      "integrity": "sha512-k/vGaX4/Yla3WzyMCvTQOXYeIHvqOKtnqBduzTHpzpQZzAskKMhZ2K+EnBiSM9zGSoIFeMpXKxa4dYeZIQqewQ=="
    },
    "node_modules/interpret": {
      "version": "1.4.0",
      "resolved": "https://r2.cnpmjs.org/interpret/-/interpret-1.4.0.tgz",
      "integrity": "sha512-agE4QfB2Lkp9uICn7BAqoscw4SZP9kTE2hxiFI3jBPmXJfdqiahTbUuKGsMoN2GtqL9AxhYioAcVvgsb1HvRbA==",
      "engines": {
        "node": ">= 0.10"
      }
    },
    "node_modules/is-core-module": {
      "version": "2.13.1",
      "resolved": "https://r.cnpmjs.org/is-core-module/-/is-core-module-2.13.1.tgz",
      "integrity": "sha512-hHrIjvZsftOsvKSn2TRYl63zvxsgE0K+0mYMoH6gD4omR5IWB2KynivBQczo3+wF1cCkjzvptnI9Q0sPU66ilw==",
      "dependencies": {
        "hasown": "^2.0.0"
      },
      "funding": {
        "url": "https://github.com/sponsors/ljharb"
      }
    },
    "node_modules/is-fullwidth-code-point": {
      "version": "3.0.0",
      "resolved": "https://r2.cnpmjs.org/is-fullwidth-code-point/-/is-fullwidth-code-point-3.0.0.tgz",
      "integrity": "sha512-zymm5+u+sCsSWyD9qNaejV3DFvhCKclKdizYaJUuHA83RLjb7nSuGnddCHGv0hk+KY7BMAlsWeK4Ueg6EV6XQg==",
      "engines": {
        "node": ">=8"
      }
    },
    "node_modules/is-interactive": {
      "version": "2.0.0",
      "resolved": "https://r2.cnpmjs.org/is-interactive/-/is-interactive-2.0.0.tgz",
      "integrity": "sha512-qP1vozQRI+BMOPcjFzrjXuQvdak2pHNUMZoeG2eRbiSqyvbEf/wQtEOTOX1guk6E3t36RkaqiSt8A/6YElNxLQ==",
      "engines": {
        "node": ">=12"
      },
      "funding": {
        "url": "https://github.com/sponsors/sindresorhus"
      }
    },
    "node_modules/is-unicode-supported": {
      "version": "2.0.0",
      "resolved": "https://r.cnpmjs.org/is-unicode-supported/-/is-unicode-supported-2.0.0.tgz",
      "integrity": "sha512-FRdAyx5lusK1iHG0TWpVtk9+1i+GjrzRffhDg4ovQ7mcidMQ6mj+MhKPmvh7Xwyv5gIS06ns49CA7Sqg7lC22Q==",
      "engines": {
        "node": ">=18"
      },
      "funding": {
        "url": "https://github.com/sponsors/sindresorhus"
      }
    },
    "node_modules/jsonfile": {
      "version": "6.1.0",
      "resolved": "https://r2.cnpmjs.org/jsonfile/-/jsonfile-6.1.0.tgz",
      "integrity": "sha512-5dgndWOriYSm5cnYaJNhalLNDKOqFwyDB/rr1E9ZsGciGvKPs8R2xYGCacuf3z6K1YKDz182fd+fY3cn3pMqXQ==",
      "dependencies": {
        "universalify": "^2.0.0"
      },
      "optionalDependencies": {
        "graceful-fs": "^4.1.6"
      }
    },
    "node_modules/log-symbols": {
      "version": "6.0.0",
      "resolved": "https://r.cnpmjs.org/log-symbols/-/log-symbols-6.0.0.tgz",
      "integrity": "sha512-i24m8rpwhmPIS4zscNzK6MSEhk0DUWa/8iYQWxhffV8jkI4Phvs3F+quL5xvS0gdQR0FyTCMMH33Y78dDTzzIw==",
      "dependencies": {
        "chalk": "^5.3.0",
        "is-unicode-supported": "^1.3.0"
      },
      "engines": {
        "node": ">=18"
      },
      "funding": {
        "url": "https://github.com/sponsors/sindresorhus"
      }
    },
    "node_modules/log-symbols/node_modules/is-unicode-supported": {
      "version": "1.3.0",
      "resolved": "https://r.cnpmjs.org/is-unicode-supported/-/is-unicode-supported-1.3.0.tgz",
      "integrity": "sha512-43r2mRvz+8JRIKnWJ+3j8JtjRKZ6GmjzfaE/qiBJnikNnYv/6bagRJ1kUhNk8R5EX/GkobD+r+sfxCPJsiKBLQ==",
      "engines": {
        "node": ">=12"
      },
      "funding": {
        "url": "https://github.com/sponsors/sindresorhus"
      }
    },
    "node_modules/mimic-fn": {
      "version": "2.1.0",
      "resolved": "https://r2.cnpmjs.org/mimic-fn/-/mimic-fn-2.1.0.tgz",
      "integrity": "sha512-OqbOk5oEQeAZ8WXWydlu9HJjz9WVdEIvamMCcXmuqUYjTknH/sqsWvhQ3vgwKFRR1HpjvNBKQ37nbJgYzGqGcg==",
      "engines": {
        "node": ">=6"
      }
    },
    "node_modules/minimatch": {
      "version": "3.1.2",
      "resolved": "https://r.cnpmjs.org/minimatch/-/minimatch-3.1.2.tgz",
      "integrity": "sha512-J7p63hRiAjw1NDEww1W7i37+ByIrOWO5XQQAzZ3VOcL0PNybwpfmV/N05zFAzwQ9USyEcX6t3UO+K5aqBQOIHw==",
      "dependencies": {
        "brace-expansion": "^1.1.7"
      },
      "engines": {
        "node": "*"
      }
    },
    "node_modules/mute-stream": {
      "version": "1.0.0",
      "resolved": "https://r.cnpmjs.org/mute-stream/-/mute-stream-1.0.0.tgz",
      "integrity": "sha512-avsJQhyd+680gKXyG/sQc0nXaC6rBkPOfyHYcFb9+hdkqQkR9bdnkJ0AMZhke0oesPqIO+mFFJ+IdBc7mst4IA==",
      "engines": {
        "node": "^14.17.0 || ^16.13.0 || >=18.0.0"
      }
    },
    "node_modules/once": {
      "version": "1.4.0",
      "resolved": "https://r2.cnpmjs.org/once/-/once-1.4.0.tgz",
      "integrity": "sha512-lNaJgI+2Q5URQBkccEKHTQOPaXdUxnZZElQTZY0MFUAuaEqe1E+Nyvgdz/aIyNi6Z9MzO5dv1H8n58/GELp3+w==",
      "dependencies": {
        "wrappy": "1"
      }
    },
    "node_modules/onetime": {
      "version": "5.1.2",
      "resolved": "https://r2.cnpmjs.org/onetime/-/onetime-5.1.2.tgz",
      "integrity": "sha512-kbpaSSGJTWdAY5KPVeMOKXSrPtr8C8C7wodJbcsd51jRnmD+GZu8Y0VoU6Dm5Z4vWr0Ig/1NKuWRKf7j5aaYSg==",
      "dependencies": {
        "mimic-fn": "^2.1.0"
      },
      "engines": {
        "node": ">=6"
      },
      "funding": {
        "url": "https://github.com/sponsors/sindresorhus"
      }
    },
    "node_modules/ora": {
      "version": "8.0.1",
      "resolved": "https://r.cnpmjs.org/ora/-/ora-8.0.1.tgz",
      "integrity": "sha512-ANIvzobt1rls2BDny5fWZ3ZVKyD6nscLvfFRpQgfWsythlcsVUC9kL0zq6j2Z5z9wwp1kd7wpsD/T9qNPVLCaQ==",
      "dependencies": {
        "chalk": "^5.3.0",
        "cli-cursor": "^4.0.0",
        "cli-spinners": "^2.9.2",
        "is-interactive": "^2.0.0",
        "is-unicode-supported": "^2.0.0",
        "log-symbols": "^6.0.0",
        "stdin-discarder": "^0.2.1",
        "string-width": "^7.0.0",
        "strip-ansi": "^7.1.0"
      },
      "engines": {
        "node": ">=18"
      },
      "funding": {
        "url": "https://github.com/sponsors/sindresorhus"
      }
    },
    "node_modules/ora/node_modules/ansi-regex": {
      "version": "6.0.1",
      "resolved": "https://r2.cnpmjs.org/ansi-regex/-/ansi-regex-6.0.1.tgz",
      "integrity": "sha512-n5M855fKb2SsfMIiFFoVrABHJC8QtHwVx+mHWP3QcEqBHYienj5dHSgjbxtC0WEZXYt4wcD6zrQElDPhFuZgfA==",
      "engines": {
        "node": ">=12"
      },
      "funding": {
        "url": "https://github.com/chalk/ansi-regex?sponsor=1"
      }
    },
    "node_modules/ora/node_modules/emoji-regex": {
      "version": "10.3.0",
      "resolved": "https://r.cnpmjs.org/emoji-regex/-/emoji-regex-10.3.0.tgz",
      "integrity": "sha512-QpLs9D9v9kArv4lfDEgg1X/gN5XLnf/A6l9cs8SPZLRZR3ZkY9+kwIQTxm+fsSej5UMYGE8fdoaZVIBlqG0XTw=="
    },
    "node_modules/ora/node_modules/string-width": {
      "version": "7.1.0",
      "resolved": "https://r.cnpmjs.org/string-width/-/string-width-7.1.0.tgz",
      "integrity": "sha512-SEIJCWiX7Kg4c129n48aDRwLbFb2LJmXXFrWBG4NGaRtMQ3myKPKbwrD1BKqQn74oCoNMBVrfDEr5M9YxCsrkw==",
      "dependencies": {
        "emoji-regex": "^10.3.0",
        "get-east-asian-width": "^1.0.0",
        "strip-ansi": "^7.1.0"
      },
      "engines": {
        "node": ">=18"
      },
      "funding": {
        "url": "https://github.com/sponsors/sindresorhus"
      }
    },
    "node_modules/ora/node_modules/strip-ansi": {
      "version": "7.1.0",
      "resolved": "https://r.cnpmjs.org/strip-ansi/-/strip-ansi-7.1.0.tgz",
      "integrity": "sha512-iq6eVVI64nQQTRYq2KtEg2d2uU7LElhTJwsH4YzIHZshxlgZms/wIc4VoDQTlG/IvVIrBKG06CrZnp0qv7hkcQ==",
      "dependencies": {
        "ansi-regex": "^6.0.1"
      },
      "engines": {
        "node": ">=12"
      },
      "funding": {
        "url": "https://github.com/chalk/strip-ansi?sponsor=1"
      }
    },
    "node_modules/os-tmpdir": {
      "version": "1.0.2",
      "resolved": "https://r2.cnpmjs.org/os-tmpdir/-/os-tmpdir-1.0.2.tgz",
      "integrity": "sha512-D2FR03Vir7FIu45XBY20mTb+/ZSWB00sjU9jdQXt83gDrI4Ztz5Fs7/yy74g2N5SVQY4xY1qDr4rNddwYRVX0g==",
      "engines": {
        "node": ">=0.10.0"
      }
    },
    "node_modules/path-is-absolute": {
      "version": "1.0.1",
      "resolved": "https://r2.cnpmjs.org/path-is-absolute/-/path-is-absolute-1.0.1.tgz",
      "integrity": "sha512-AVbw3UJ2e9bq64vSaS9Am0fje1Pa8pbGqTTsmXfaIiMpnr5DlDhfJOuLj9Sf95ZPVDAUerDfEk88MPmPe7UCQg==",
      "engines": {
        "node": ">=0.10.0"
      }
    },
    "node_modules/path-parse": {
      "version": "1.0.7",
      "resolved": "https://r2.cnpmjs.org/path-parse/-/path-parse-1.0.7.tgz",
      "integrity": "sha512-LDJzPVEEEPR+y48z93A0Ed0yXb8pAByGWo/k5YYdYgpY2/2EsOsksJrq7lOHxryrVOn1ejG6oAp8ahvOIQD8sw=="
    },
    "node_modules/rechoir": {
      "version": "0.6.2",
      "resolved": "https://r2.cnpmjs.org/rechoir/-/rechoir-0.6.2.tgz",
      "integrity": "sha512-HFM8rkZ+i3zrV+4LQjwQ0W+ez98pApMGM3HUrN04j3CqzPOzl9nmP15Y8YXNm8QHGv/eacOVEjqhmWpkRV0NAw==",
      "dependencies": {
        "resolve": "^1.1.6"
      },
      "engines": {
        "node": ">= 0.10"
      }
    },
    "node_modules/resolve": {
      "version": "1.22.8",
      "resolved": "https://r.cnpmjs.org/resolve/-/resolve-1.22.8.tgz",
      "integrity": "sha512-oKWePCxqpd6FlLvGV1VU0x7bkPmmCNolxzjMf4NczoDnQcIWrAF+cPtZn5i6n+RfD2d9i0tzpKnG6Yk168yIyw==",
      "dependencies": {
        "is-core-module": "^2.13.0",
        "path-parse": "^1.0.7",
        "supports-preserve-symlinks-flag": "^1.0.0"
      },
      "bin": {
        "resolve": "bin/resolve"
      },
      "funding": {
        "url": "https://github.com/sponsors/ljharb"
      }
    },
    "node_modules/restore-cursor": {
      "version": "4.0.0",
      "resolved": "https://r2.cnpmjs.org/restore-cursor/-/restore-cursor-4.0.0.tgz",
      "integrity": "sha512-I9fPXU9geO9bHOt9pHHOhOkYerIMsmVaWB0rA2AI9ERh/+x/i7MV5HKBNrg+ljO5eoPVgCcnFuRjJ9uH6I/3eg==",
      "dependencies": {
        "onetime": "^5.1.0",
        "signal-exit": "^3.0.2"
      },
      "engines": {
        "node": "^12.20.0 || ^14.13.1 || >=16.0.0"
      },
      "funding": {
        "url": "https://github.com/sponsors/sindresorhus"
      }
    },
    "node_modules/restore-cursor/node_modules/signal-exit": {
      "version": "3.0.7",
      "resolved": "https://r.cnpmjs.org/signal-exit/-/signal-exit-3.0.7.tgz",
      "integrity": "sha512-wnD2ZE+l+SPC/uoS0vXeE9L1+0wuaMqKlfz9AMUo38JsyLSBWSFcHR1Rri62LZc12vLr1gb3jl7iwQhgwpAbGQ=="
    },
    "node_modules/safer-buffer": {
      "version": "2.1.2",
      "resolved": "https://r2.cnpmjs.org/safer-buffer/-/safer-buffer-2.1.2.tgz",
      "integrity": "sha512-YZo3K82SD7Riyi0E1EQPojLz7kpepnSQI9IyPbHHg1XXXevb5dJI7tpyN2ADxGcQbHG7vcyRHk0cbwqcQriUtg=="
    },
    "node_modules/shelljs": {
      "version": "0.8.5",
      "resolved": "https://r.cnpmjs.org/shelljs/-/shelljs-0.8.5.tgz",
      "integrity": "sha512-TiwcRcrkhHvbrZbnRcFYMLl30Dfov3HKqzp5tO5b4pt6G/SezKcYhmDg15zXVBswHmctSAQKznqNW2LO5tTDow==",
      "dependencies": {
        "glob": "^7.0.0",
        "interpret": "^1.0.0",
        "rechoir": "^0.6.2"
      },
      "bin": {
        "shjs": "bin/shjs"
      },
      "engines": {
        "node": ">=4"
      }
    },
    "node_modules/signal-exit": {
      "version": "4.1.0",
      "resolved": "https://r.cnpmjs.org/signal-exit/-/signal-exit-4.1.0.tgz",
      "integrity": "sha512-bzyZ1e88w9O1iNJbKnOlvYTrWPDl46O1bG0D3XInv+9tkPrxrN8jUUTiFlDkkmKWgn1M6CfIA13SuGqOa9Korw==",
      "engines": {
        "node": ">=14"
      },
      "funding": {
        "url": "https://github.com/sponsors/isaacs"
      }
    },
    "node_modules/stdin-discarder": {
      "version": "0.2.2",
      "resolved": "https://r.cnpmjs.org/stdin-discarder/-/stdin-discarder-0.2.2.tgz",
      "integrity": "sha512-UhDfHmA92YAlNnCfhmq0VeNL5bDbiZGg7sZ2IvPsXubGkiNa9EC+tUTsjBRsYUAz87btI6/1wf4XoVvQ3uRnmQ==",
      "engines": {
        "node": ">=18"
      },
      "funding": {
        "url": "https://github.com/sponsors/sindresorhus"
      }
    },
    "node_modules/string-width": {
      "version": "4.2.3",
      "resolved": "https://r2.cnpmjs.org/string-width/-/string-width-4.2.3.tgz",
      "integrity": "sha512-wKyQRQpjJ0sIp62ErSZdGsjMJWsap5oRNihHhu6G7JVO/9jIB6UyevL+tXuOqrng8j/cxKTWyWUwvSTriiZz/g==",
      "dependencies": {
        "emoji-regex": "^8.0.0",
        "is-fullwidth-code-point": "^3.0.0",
        "strip-ansi": "^6.0.1"
      },
      "engines": {
        "node": ">=8"
      }
    },
    "node_modules/strip-ansi": {
      "version": "6.0.1",
      "resolved": "https://r2.cnpmjs.org/strip-ansi/-/strip-ansi-6.0.1.tgz",
      "integrity": "sha512-Y38VPSHcqkFrCpFnQ9vuSXmquuv5oXOKpGeT6aGrr3o3Gc9AlVa6JBfUSOCnbxGGZF+/0ooI7KrPuUSztUdU5A==",
      "dependencies": {
        "ansi-regex": "^5.0.1"
      },
      "engines": {
        "node": ">=8"
      }
    },
    "node_modules/supports-color": {
      "version": "7.2.0",
      "resolved": "https://r2.cnpmjs.org/supports-color/-/supports-color-7.2.0.tgz",
      "integrity": "sha512-qpCAvRl9stuOHveKsn7HncJRvv501qIacKzQlO/+Lwxc9+0q2wLyv4Dfvt80/DPn2pqOBsJdDiogXGR9+OvwRw==",
      "dependencies": {
        "has-flag": "^4.0.0"
      },
      "engines": {
        "node": ">=8"
      }
    },
    "node_modules/supports-preserve-symlinks-flag": {
      "version": "1.0.0",
      "resolved": "https://r.cnpmjs.org/supports-preserve-symlinks-flag/-/supports-preserve-symlinks-flag-1.0.0.tgz",
      "integrity": "sha512-ot0WnXS9fgdkgIcePe6RHNk1WA8+muPa6cSjeR3V8K27q9BB1rTE3R1p7Hv0z1ZyAc8s6Vvv8DIyWf681MAt0w==",
      "engines": {
        "node": ">= 0.4"
      },
      "funding": {
        "url": "https://github.com/sponsors/ljharb"
      }
    },
    "node_modules/tmp": {
      "version": "0.0.33",
      "resolved": "https://r2.cnpmjs.org/tmp/-/tmp-0.0.33.tgz",
      "integrity": "sha512-jRCJlojKnZ3addtTOjdIqoRuPEKBvNXcGYqzO6zWZX8KfKEpnGY5jfggJQ3EjKuu8D4bJRr0y+cYJFmYbImXGw==",
      "dependencies": {
        "os-tmpdir": "~1.0.2"
      },
      "engines": {
        "node": ">=0.6.0"
      }
    },
    "node_modules/type-fest": {
      "version": "0.21.3",
      "resolved": "https://r2.cnpmjs.org/type-fest/-/type-fest-0.21.3.tgz",
      "integrity": "sha512-t0rzBq87m3fVcduHDUFhKmyyX+9eo6WQjZvf51Ea/M0Q7+T374Jp1aUiyUl0GKxp8M/OETVHSDvmkyPgvX+X2w==",
      "engines": {
        "node": ">=10"
      },
      "funding": {
        "url": "https://github.com/sponsors/sindresorhus"
      }
    },
    "node_modules/undici-types": {
      "version": "5.26.5",
      "resolved": "https://r.cnpmjs.org/undici-types/-/undici-types-5.26.5.tgz",
      "integrity": "sha512-JlCMO+ehdEIKqlFxk6IfVoAUVmgz7cU7zD/h9XZ0qzeosSHmUJVOzSQvvYSYWXkFXC+IfLKSIffhv0sVZup6pA=="
    },
    "node_modules/universalify": {
      "version": "2.0.1",
      "resolved": "https://r.cnpmjs.org/universalify/-/universalify-2.0.1.tgz",
      "integrity": "sha512-gptHNQghINnc/vTGIk0SOFGFNXw7JVrlRUtConJRlvaw6DuX0wO5Jeko9sWrMBhh+PsYAZ7oXAiOnf/UKogyiw==",
      "engines": {
        "node": ">= 10.0.0"
      }
    },
    "node_modules/validate-npm-package-name": {
      "version": "5.0.1",
      "resolved": "https://r.cnpmjs.org/validate-npm-package-name/-/validate-npm-package-name-5.0.1.tgz",
      "integrity": "sha512-OljLrQ9SQdOUqTaQxqL5dEfZWrXExyyWsozYlAWFawPVNuD83igl7uJD2RTkNMbniIYgt8l81eCJGIdQF7avLQ==",
      "engines": {
        "node": "^14.17.0 || ^16.13.0 || >=18.0.0"
      }
    },
    "node_modules/wrap-ansi": {
      "version": "6.2.0",
      "resolved": "https://r2.cnpmjs.org/wrap-ansi/-/wrap-ansi-6.2.0.tgz",
      "integrity": "sha512-r6lPcBGxZXlIcymEu7InxDMhdW0KDxpLgoFLcguasxCaJ/SOIZwINatK9KY/tf+ZrlywOKU0UDj3ATXUBfxJXA==",
      "dependencies": {
        "ansi-styles": "^4.0.0",
        "string-width": "^4.1.0",
        "strip-ansi": "^6.0.0"
      },
      "engines": {
        "node": ">=8"
      }
    },
    "node_modules/wrappy": {
      "version": "1.0.2",
      "resolved": "https://r2.cnpmjs.org/wrappy/-/wrappy-1.0.2.tgz",
      "integrity": "sha512-l4Sp/DRseor9wL6EvV2+TuQn63dMkPjZ/sp9XkghTEbV9KlPS1xUsZ3u7/IQO4wxtcFB4bgpQPRcR3QCvezPcQ=="
    }
  }
}
